Microsoft Visual Studio Solution File, Format Version 12.00
# Visual Studio Version 16
VisualStudioVersion = 16.0.30128.74
MinimumVisualStudioVersion = 10.0.40219.1
Project("{9A19103F-16F7-4668-BE54-9A1E7A4F7556}") = "RubyFlavor", "RubyFlavor\RubyFlavor.csproj", "{C1F4BC43-957E-48FC-A0F7-7A64AB360146}"
EndProject
Project("{9A19103F-16F7-4668-BE54-9A1E7A4F7556}") = "RubyFlavor.Tests", "RubyFlavor.Tests\RubyFlavor.Tests.csproj", "{B809D2B3-0913-457C-923E-363EA65FC4D4}"
EndProject
Project("{2150E333-8FDC-42A3-9474-1A3956D46DE8}") = "Solution Items", "Solution Items", "{21EE8698-44AF-4A68-9530-2BBC63CF83C4}"
	ProjectSection(SolutionItems) = preProject
		README.md = README.md
	EndProjectSection
EndProject
Project("{2150E333-8FDC-42A3-9474-1A3956D46DE8}") = "Actions", "Actions", "{46F693EC-2948-4849-BF3C-FAF779F8BA75}"
	ProjectSection(SolutionItems) = preProject
		.github\workflows\publish_nupkg.yaml = .github\workflows\publish_nupkg.yaml
	EndProjectSection
EndProject
Global
	GlobalSection(SolutionConfigurationPlatforms) = preSolution
		Debug|Any CPU = Debug|Any CPU
		Debug|x64 = Debug|x64
		Debug|x86 = Debug|x86
		Release|Any CPU = Release|Any CPU
		Release|x64 = Release|x64
		Release|x86 = Release|x86
	EndGlobalSection
	GlobalSection(ProjectConfigurationPlatforms) = postSolution
		{C1F4BC43-957E-48FC-A0F7-7A64AB360146}.Debug|Any CPU.ActiveCfg = Debug|Any CPU
		{C1F4BC43-957E-48FC-A0F7-7A64AB360146}.Debug|Any CPU.Build.0 = Debug|Any CPU
		{C1F4BC43-957E-48FC-A0F7-7A64AB360146}.Debug|x64.ActiveCfg = Debug|Any CPU
		{C1F4BC43-957E-48FC-A0F7-7A64AB360146}.Debug|x64.Build.0 = Debug|Any CPU
		{C1F4BC43-957E-48FC-A0F7-7A64AB360146}.Debug|x86.ActiveCfg = Debug|Any CPU
		{C1F4BC43-957E-48FC-A0F7-7A64AB360146}.Debug|x86.Build.0 = Debug|Any CPU
		{C1F4BC43-957E-48FC-A0F7-7A64AB360146}.Release|Any CPU.ActiveCfg = Release|Any CPU
		{C1F4BC43-957E-48FC-A0F7-7A64AB360146}.Release|Any CPU.Build.0 = Release|Any CPU
		{C1F4BC43-957E-48FC-A0F7-7A64AB360146}.Release|x64.ActiveCfg = Release|Any CPU
		{C1F4BC43-957E-48FC-A0F7-7A64AB360146}.Release|x64.Build.0 = Release|Any CPU
		{C1F4BC43-957E-48FC-A0F7-7A64AB360146}.Release|x86.ActiveCfg = Release|Any CPU
		{C1F4BC43-957E-48FC-A0F7-7A64AB360146}.Release|x86.Build.0 = Release|Any CPU
		{B809D2B3-0913-457C-923E-363EA65FC4D4}.Debug|Any CPU.ActiveCfg = Debug|Any CPU
		{B809D2B3-0913-457C-923E-363EA65FC4D4}.Debug|Any CPU.Build.0 = Debug|Any CPU
		{B809D2B3-0913-457C-923E-363EA65FC4D4}.Debug|x64.ActiveCfg = Debug|Any CPU
		{B809D2B3-0913-457C-923E-363EA65FC4D4}.Debug|x64.Build.0 = Debug|Any CPU
		{B809D2B3-0913-457C-923E-363EA65FC4D4}.Debug|x86.ActiveCfg = Debug|Any CPU
		{B809D2B3-0913-457C-923E-363EA65FC4D4}.Debug|x86.Build.0 = Debug|Any CPU
		{B809D2B3-0913-457C-923E-363EA65FC4D4}.Release|Any CPU.ActiveCfg = Release|Any CPU
		{B809D2B3-0913-457C-923E-363EA65FC4D4}.Release|Any CPU.Build.0 = Release|Any CPU
		{B809D2B3-0913-457C-923E-363EA65FC4D4}.Release|x64.ActiveCfg = Release|Any CPU
		{B809D2B3-0913-457C-923E-363EA65FC4D4}.Release|x64.Build.0 = Release|Any CPU
		{B809D2B3-0913-457C-923E-363EA65FC4D4}.Release|x86.ActiveCfg = Release|Any CPU
		{B809D2B3-0913-457C-923E-363EA65FC4D4}.Release|x86.Build.0 = Release|Any CPU
	EndGlobalSection
	GlobalSection(SolutionProperties) = preSolution
		HideSolutionNode = FALSE
	EndGlobalSection
	GlobalSection(NestedProjects) = preSolution
		{46F693EC-2948-4849-BF3C-FAF779F8BA75} = {21EE8698-44AF-4A68-9530-2BBC63CF83C4}
	EndGlobalSection
	GlobalSection(ExtensibilityGlobals) = postSolution
		SolutionGuid = {D7FFD2E7-BF0C-4F00-B2B7-5826E3E5553F}
	EndGlobalSection
EndGlobal
